<?xml version="1.0" encoding="utf-8"?>
<Project ToolsVersion="4.0" xmlns="http://schemas.microsoft.com/developer/msbuild/2003">
  <ItemGroup>
    <Filter Include="源文件">
      <UniqueIdentifier>{4FC737F1-C7A5-4376-A066-2A32D752A2FF}</UniqueIdentifier>
      <Extensions>cpp;c;cc;cxx;def;odl;idl;hpj;bat;asm;asmx</Extensions>
    </Filter>
    <Filter Include="头文件">
      <UniqueIdentifier>{93995380-89BD-4b04-88EB-625FBE52EBFB}</UniqueIdentifier>
      <Extensions>h;hh;hpp;hxx;hm;inl;inc;ipp;xsd</Extensions>
    </Filter>
    <Filter Include="资源文件">
      <UniqueIdentifier>{67DA6AB6-F800-4c08-8B7A-83BB121AAD01}</UniqueIdentifier>
      <Extensions>rc;ico;cur;bmp;dlg;rc2;rct;bin;rgs;gif;jpg;jpeg;jpe;resx;tiff;tif;png;wav;mfcribbon-ms</Extensions>
    </Filter>
    <Filter Include="源文件\layer">
      <UniqueIdentifier>{2812146f-80b2-4028-8c9c-9b61715a2ade}</UniqueIdentifier>
    </Filter>
    <Filter Include="头文件\layer">
      <UniqueIdentifier>{b6afce26-ba48-4a1a-bcb8-6a771473be16}</UniqueIdentifier>
    </Filter>
  </ItemGroup>
  <ItemGroup>
    <ClCompile Include="..\..\src\gpu.cpp">
      <Filter>源文件</Filter>
    </ClCompile>
    <ClCompile Include="..\..\src\main.cpp">
      <Filter>源文件</Filter>
    </ClCompile>
    <ClCompile Include="..\..\src\vulkan_device.cpp">
      <Filter>源文件</Filter>
    </ClCompile>
    <ClCompile Include="..\..\src\allocator.cpp">
      <Filter>源文件</Filter>
    </ClCompile>
    <ClCompile Include="..\..\src\pipeline.cpp">
      <Filter>源文件</Filter>
    </ClCompile>
    <ClCompile Include="..\..\src\command.cpp">
      <Filter>源文件</Filter>
    </ClCompile>
    <ClCompile Include="..\..\src\option.cpp">
      <Filter>源文件</Filter>
    </ClCompile>
    <ClCompile Include="..\..\src\layer\resize_vulkan.cpp">
      <Filter>源文件\layer</Filter>
    </ClCompile>
    <ClCompile Include="..\..\src\layer\convolution_vulkan.cpp">
      <Filter>源文件\layer</Filter>
    </ClCompile>
    <ClCompile Include="..\..\src\layer\divide_vulkan.cpp">
      <Filter>源文件\layer</Filter>
    </ClCompile>
    <ClCompile Include="..\..\src\layer\image_conv_vulkan.cpp">
      <Filter>源文件\layer</Filter>
    </ClCompile>
  </ItemGroup>
  <ItemGroup>
    <ClInclude Include="..\..\src\gpu.h">
      <Filter>头文件</Filter>
    </ClInclude>
    <ClInclude Include="..\..\src\vulkan_device.h">
      <Filter>头文件</Filter>
    </ClInclude>
    <ClInclude Include="..\..\src\allocator.h">
      <Filter>头文件</Filter>
    </ClInclude>
    <ClInclude Include="..\..\src\layer\relu_100_vulkan.h">
      <Filter>头文件\layer</Filter>
    </ClInclude>
    <ClInclude Include="..\..\src\pipeline.h">
      <Filter>头文件</Filter>
    </ClInclude>
    <ClInclude Include="..\..\src\command.h">
      <Filter>头文件</Filter>
    </ClInclude>
    <ClInclude Include="..\..\src\vkmat.h">
      <Filter>头文件</Filter>
    </ClInclude>
    <ClInclude Include="..\..\src\option.h">
      <Filter>头文件</Filter>
    </ClInclude>
    <ClInclude Include="..\..\src\layer\resize_vulkan.h">
      <Filter>头文件\layer</Filter>
    </ClInclude>
    <ClInclude Include="..\..\src\layer\convolution_vulkan.h">
      <Filter>头文件\layer</Filter>
    </ClInclude>
    <ClInclude Include="..\..\src\layer\image_conv_vulkan.h">
      <Filter>头文件\layer</Filter>
    </ClInclude>
  </ItemGroup>
</Project>